{
  "name": "Deep-Learning",
  "lockfileVersion": 3,
  "requires": true,
  "packages": {
    "": {
      "dependencies": {
        "cornerstone-core": "^2.6.1",
        "cornerstone-math": "^0.1.10",
        "cornerstone-tools": "^6.0.10",
        "dicom-parser": "^1.8.21",
        "hammerjs": "^2.0.8"
      }
    },
    "node_modules/@babel/runtime": {
      "version": "7.1.2",
      "resolved": "https://registry.npmjs.org/@babel/runtime/-/runtime-7.1.2.tgz",
      "integrity": "sha512-Y3SCjmhSupzFB6wcv1KmmFucH6gDVnI30WjOcicV10ju0cZjak3Jcs67YLIXBrmZYw1xCrVeJPbycFwrqNyxpg==",
      "license": "MIT",
      "dependencies": {
        "regenerator-runtime": "^0.12.0"
      }
    },
    "node_modules/cornerstone-core": {
      "version": "2.6.1",
      "resolved": "https://registry.npmjs.org/cornerstone-core/-/cornerstone-core-2.6.1.tgz",
      "integrity": "sha512-LAXjXwNnK2W65ZxpE7phVLjbijkYUrAQIGv5xqKjK8+dmIGlBxqvPHnyGwEqVDyKOWVrpXP6ymUPwrGGRwzgMg==",
      "license": "MIT"
    },
    "node_modules/cornerstone-math": {
      "version": "0.1.10",
      "resolved": "https://registry.npmjs.org/cornerstone-math/-/cornerstone-math-0.1.10.tgz",
      "integrity": "sha512-23XSAyP7t70ANvhFyqwvva+zFd1bQ2d5GL7tg9qKE932WmImjA2Y9tiy5n0iTtnf51W/78Png8Lia2o4dCdJaQ==",
      "license": "MIT"
    },
    "node_modules/cornerstone-tools": {
      "version": "6.0.10",
      "resolved": "https://registry.npmjs.org/cornerstone-tools/-/cornerstone-tools-6.0.10.tgz",
      "integrity": "sha512-FbqnuQPmGvwCV6jd4KQ5dQO8zBZH4RfpAPNLoJdcyXh5Cx8YSwB3v5w79z0LLy7GlHjb9lszphW18KMWwI1Z7Q==",
      "license": "MIT",
      "dependencies": {
        "@babel/runtime": "7.1.2",
        "cornerstone-math": "0.1.10"
      },
      "engines": {
        "node": ">=8.16.0"
      },
      "peerDependencies": {
        "cornerstone-core": "^2.6.0"
      }
    },
    "node_modules/dicom-parser": {
      "version": "1.8.21",
      "resolved": "https://registry.npmjs.org/dicom-parser/-/dicom-parser-1.8.21.tgz",
      "integrity": "sha512-lYCweHQDsC8UFpXErPlg86Px2A8bay0HiUY+wzoG3xv5GzgqVHU3lziwSc/Gzn7VV7y2KeP072SzCviuOoU02w==",
      "license": "MIT"
    },
    "node_modules/hammerjs": {
      "version": "2.0.8",
      "resolved": "https://registry.npmjs.org/hammerjs/-/hammerjs-2.0.8.tgz",
      "integrity": "sha512-tSQXBXS/MWQOn/RKckawJ61vvsDpCom87JgxiYdGwHdOa0ht0vzUWDlfioofFCRU0L+6NGDt6XzbgoJvZkMeRQ==",
      "license": "MIT",
      "engines": {
        "node": ">=0.8.0"
      }
    },
    "node_modules/regenerator-runtime": {
      "version": "0.12.1",
      "resolved": "https://registry.npmjs.org/regenerator-runtime/-/regenerator-runtime-0.12.1.tgz",
      "integrity": "sha512-odxIc1/vDlo4iZcfXqRYFj0vpXFNoGdKMAUieAlFYO6m/nl5e9KR/beGf41z4a1FI+aQgtjhuaSlDxQ0hmkrHg==",
      "license": "MIT"
    }
  }
}
